
Microsoft Visual Studio Solution File, Format Version 12.00
# Visual Studio 15
Project("{FAE04EC0-301F-11D3-BF4B-00C04F79EFBC}") = "Assembly-CSharp", "Assembly-CSharp.csproj", "{7447F789-FA79-49D9-B986-6B8605991C7C}"
EndProject
Project("{FAE04EC0-301F-11D3-BF4B-00C04F79EFBC}") = "Assembly-CSharp-Editor", "Assembly-CSharp-Editor.csproj", "{34BA3B54-0853-BE7B-6297-D3DECE665541}"
EndProject
Global
	GlobalSection(SolutionConfigurationPlatforms) = preSolution
		Debug|Any CPU = Debug|Any CPU
		Release|Any CPU = Release|Any CPU
	EndGlobalSection
	GlobalSection(ProjectConfigurationPlatforms) = postSolution
		{7447F789-FA79-49D9-B986-6B8605991C7C}.Debug|Any CPU.ActiveCfg = Debug|Any CPU
		{7447F789-FA79-49D9-B986-6B8605991C7C}.Debug|Any CPU.Build.0 = Debug|Any CPU
		{7447F789-FA79-49D9-B986-6B8605991C7C}.Release|Any CPU.ActiveCfg = Release|Any CPU
		{7447F789-FA79-49D9-B986-6B8605991C7C}.Release|Any CPU.Build.0 = Release|Any CPU
		{34BA3B54-0853-BE7B-6297-D3DECE665541}.Debug|Any CPU.ActiveCfg = Debug|Any CPU
		{34BA3B54-0853-BE7B-6297-D3DECE665541}.Debug|Any CPU.Build.0 = Debug|Any CPU
		{34BA3B54-0853-BE7B-6297-D3DECE665541}.Release|Any CPU.ActiveCfg = Release|Any CPU
		{34BA3B54-0853-BE7B-6297-D3DECE665541}.Release|Any CPU.Build.0 = Release|Any CPU
	EndGlobalSection
	GlobalSection(SolutionProperties) = preSolution
		HideSolutionNode = FALSE
	EndGlobalSection
EndGlobal
